schema: '2.0'
stages:
  train:
    cmd: python ml/train_model.py -c RF
    deps:
    - path: ./artifacts/category_encoder.joblib
      hash: md5
      md5: 700e2befc2d5220c3af5146e70b7a6e4
      size: 4214
    - path: ./artifacts/data_train.joblib
      hash: md5
      md5: 9ce5b9dbce230e60320236991cf81850
      size: 22281049
    - path: ./artifacts/labels_train.joblib
      hash: md5
      md5: 508aa8b2369561b7c5412a552994ff50
      size: 208457
    - path: ./ml/model.py
      hash: md5
      md5: f644c4381c708d1a528721c13a89004f
      size: 3590
    - path: ./ml/train_model.py
      hash: md5
      md5: ad7f123a724bc53d3cd82efa6c9a8ac3
      size: 2280
    outs:
    - path: ./artifacts/metrics_train.json
      hash: md5
      md5: 0ddd89b610e96e5a80042a787deafd91
      size: 111
    - path: ./artifacts/model.pkl
      hash: md5
      md5: ae4398639ac39001d31bf329f34a1ade
      size: 1711
  process_date:
    cmd: python ml/process_data
    deps:
    - path: ./data/census.csv
      hash: md5
      md5: 145de00f6e6053d3f7044628f9a5b5ff
      size: 3974474
    - path: ./ml/process_data.py
      hash: md5
      md5: d5e690eda79cdc543727d1495e6ea6d7
      size: 4148
    outs:
    - path: ./artifacts/binary_encoder.joblib
      hash: md5
      md5: 959314a9a3995c4327ab0434c497ad78
      size: 142
    - path: ./artifacts/category_encoder.joblib
      hash: md5
      md5: 8fc374038fdbcf74227350a942a5adf0
      size: 243
    - path: ./artifacts/data_test.joblib
      hash: md5
      md5: 32b17d2623085c0ad4ee12ecf011c9d4
      size: 5519009
    - path: ./artifacts/data_train.joblib
      hash: md5
      md5: b94aaaf2c38655b7852efce0bf297d97
      size: 22489281
    - path: ./artifacts/labels_test.joblib
      hash: md5
      md5: accc3bf6af6e6a36cb84801d7911f8ee
      size: 52289
    - path: ./artifacts/labels_train.joblib
      hash: md5
      md5: f351d751767114422443d5c6581af59e
      size: 208457
  process_data:
    cmd: python ml/process_data.py -s salary relationship
    deps:
    - path: ./data/census.csv
      hash: md5
      md5: 145de00f6e6053d3f7044628f9a5b5ff
      size: 3974474
    - path: ./ml/process_data.py
      hash: md5
      md5: 21cf6afbc0ba9f8c85f53c54edbd4a54
      size: 5434
    outs:
    - path: ./artifacts/category_encoder.joblib
      hash: md5
      md5: 700e2befc2d5220c3af5146e70b7a6e4
      size: 4214
    - path: ./artifacts/data_test.joblib
      hash: md5
      md5: 1742a7d98a41e61dc5d37fa2efa5e38f
      size: 5571073
    - path: ./artifacts/data_train.joblib
      hash: md5
      md5: 9ce5b9dbce230e60320236991cf81850
      size: 22281049
    - path: ./artifacts/labels_test.joblib
      hash: md5
      md5: 3dec37c14434efa498d9f84a0de24547
      size: 52289
    - path: ./artifacts/labels_train.joblib
      hash: md5
      md5: 508aa8b2369561b7c5412a552994ff50
      size: 208457
  evaluate:
    cmd: python ml/evaluate.py
    deps:
    - path: ./artifacts/data_test.joblib
      hash: md5
      md5: 1742a7d98a41e61dc5d37fa2efa5e38f
      size: 5571073
    - path: ./artifacts/labels_test.joblib
      hash: md5
      md5: 3dec37c14434efa498d9f84a0de24547
      size: 52289
    - path: ./ml/evaluate.py
      hash: md5
      md5: af22ad50569e67071dd4168a8ce4b605
      size: 1081
    - path: ./ml/model.py
      hash: md5
      md5: f644c4381c708d1a528721c13a89004f
      size: 3590
    outs:
    - path: ./artifacts/metrics_evaluate.json
      hash: md5
      md5: aaa52a2bde2d03dfdcecc93f14db050f
      size: 110
