schema: '2.0'
stages:
  train:
    cmd: python ml/train_model.py
    deps:
    - path: ./artifacts/data_train.joblib
      hash: md5
      md5: fc70e77f41e0d217f415c2787e3167ea
      size: 22281049
    - path: ./artifacts/labels_train.joblib
      hash: md5
      md5: ea60901a0fa6c0d4ca71c3187e8c6ce1
      size: 208457
    - path: ./ml/model.py
      hash: md5
      md5: c39dfefb41f4099ae653c2496cff9fc2
      size: 4251
    - path: ./ml/train_model.py
      hash: md5
      md5: 25cd5e222ce030299e1d36f916b16259
      size: 1828
    outs:
    - path: ./artifacts/metrics_train.json
      hash: md5
      md5: 01f53e3c46946ff8943a371d1282f272
      size: 110
    - path: ./artifacts/model.pkl
      hash: md5
      md5: d2b57d24a5b1c75182063c779e740fb7
      size: 1711
  process_date:
    cmd: python ml/process_data
    deps:
    - path: ./data/census.csv
      hash: md5
      md5: 145de00f6e6053d3f7044628f9a5b5ff
      size: 3974474
    - path: ./ml/process_data.py
      hash: md5
      md5: d5e690eda79cdc543727d1495e6ea6d7
      size: 4148
    outs:
    - path: ./artifacts/binary_encoder.joblib
      hash: md5
      md5: 959314a9a3995c4327ab0434c497ad78
      size: 142
    - path: ./artifacts/category_encoder.joblib
      hash: md5
      md5: 8fc374038fdbcf74227350a942a5adf0
      size: 243
    - path: ./artifacts/data_test.joblib
      hash: md5
      md5: 32b17d2623085c0ad4ee12ecf011c9d4
      size: 5519009
    - path: ./artifacts/data_train.joblib
      hash: md5
      md5: b94aaaf2c38655b7852efce0bf297d97
      size: 22489281
    - path: ./artifacts/labels_test.joblib
      hash: md5
      md5: accc3bf6af6e6a36cb84801d7911f8ee
      size: 52289
    - path: ./artifacts/labels_train.joblib
      hash: md5
      md5: f351d751767114422443d5c6581af59e
      size: 208457
  process_data:
    cmd: python ml/process_data.py
    deps:
    - path: ./data/census.csv
      hash: md5
      md5: 145de00f6e6053d3f7044628f9a5b5ff
      size: 3974474
    - path: ./ml/process_data.py
      hash: md5
      md5: 3890cf351ded07bd8a73ee92798ffdf1
      size: 4263
    outs:
    - path: ./artifacts/binary_encoder.joblib
      hash: md5
      md5: 959314a9a3995c4327ab0434c497ad78
      size: 142
    - path: ./artifacts/category_encoder.joblib
      hash: md5
      md5: 8fc374038fdbcf74227350a942a5adf0
      size: 243
    - path: ./artifacts/data_test.joblib
      hash: md5
      md5: 415532b65647ac60e55a61c2ee88fc17
      size: 5623137
    - path: ./artifacts/data_train.joblib
      hash: md5
      md5: fc70e77f41e0d217f415c2787e3167ea
      size: 22281049
    - path: ./artifacts/labels_test.joblib
      hash: md5
      md5: 223f69354b91034a83381a77d72f746d
      size: 52289
    - path: ./artifacts/labels_train.joblib
      hash: md5
      md5: ea60901a0fa6c0d4ca71c3187e8c6ce1
      size: 208457
